
Microsoft Visual Studio Solution File, Format Version 12.00
Project("{FAE04EC0-301F-11D3-BF4B-00C04F79EFBC}") = "Catalog.API", "Catalog.API\Catalog.API.csproj", "{4F76E244-4EE3-4A3F-9B49-D4BEE73ACD7F}"
EndProject
Project("{FAE04EC0-301F-11D3-BF4B-00C04F79EFBC}") = "Catalog.Infrastructure", "Catalog.Infrastructure\Catalog.Infrastructure.csproj", "{67829EE0-6110-4EBD-882C-899300CEA018}"
EndProject
Project("{FAE04EC0-301F-11D3-BF4B-00C04F79EFBC}") = "Catalog.Core", "Catalog.Core\Catalog.Core.csproj", "{8BB165BC-4495-4D19-848B-E4171E76E12E}"
EndProject
Global
	GlobalSection(SolutionConfigurationPlatforms) = preSolution
		Debug|Any CPU = Debug|Any CPU
		Release|Any CPU = Release|Any CPU
	EndGlobalSection
	GlobalSection(ProjectConfigurationPlatforms) = postSolution
		{4F76E244-4EE3-4A3F-9B49-D4BEE73ACD7F}.Debug|Any CPU.ActiveCfg = Debug|Any CPU
		{4F76E244-4EE3-4A3F-9B49-D4BEE73ACD7F}.Debug|Any CPU.Build.0 = Debug|Any CPU
		{4F76E244-4EE3-4A3F-9B49-D4BEE73ACD7F}.Release|Any CPU.ActiveCfg = Release|Any CPU
		{4F76E244-4EE3-4A3F-9B49-D4BEE73ACD7F}.Release|Any CPU.Build.0 = Release|Any CPU
		{67829EE0-6110-4EBD-882C-899300CEA018}.Debug|Any CPU.ActiveCfg = Debug|Any CPU
		{67829EE0-6110-4EBD-882C-899300CEA018}.Debug|Any CPU.Build.0 = Debug|Any CPU
		{67829EE0-6110-4EBD-882C-899300CEA018}.Release|Any CPU.ActiveCfg = Release|Any CPU
		{67829EE0-6110-4EBD-882C-899300CEA018}.Release|Any CPU.Build.0 = Release|Any CPU
		{8BB165BC-4495-4D19-848B-E4171E76E12E}.Debug|Any CPU.ActiveCfg = Debug|Any CPU
		{8BB165BC-4495-4D19-848B-E4171E76E12E}.Debug|Any CPU.Build.0 = Debug|Any CPU
		{8BB165BC-4495-4D19-848B-E4171E76E12E}.Release|Any CPU.ActiveCfg = Release|Any CPU
		{8BB165BC-4495-4D19-848B-E4171E76E12E}.Release|Any CPU.Build.0 = Release|Any CPU
	EndGlobalSection
EndGlobal
